
Microsoft Visual Studio Solution File, Format Version 12.00
# Visual Studio Version 17
VisualStudioVersion = 17.10.35013.160
MinimumVisualStudioVersion = 10.0.40219.1
Project("{FAE04EC0-301F-11D3-BF4B-00C04F79EFBC}") = "AulaEntityFramework", "AulaEntityFramework\AulaEntityFramework.csproj", "{252ED46D-FD90-40BF-824D-3B069C7B2DAB}"
EndProject
Global
	GlobalSection(SolutionConfigurationPlatforms) = preSolution
		Debug|Any CPU = Debug|Any CPU
		Release|Any CPU = Release|Any CPU
	EndGlobalSection
	GlobalSection(ProjectConfigurationPlatforms) = postSolution
		{252ED46D-FD90-40BF-824D-3B069C7B2DAB}.Debug|Any CPU.ActiveCfg = Debug|Any CPU
		{252ED46D-FD90-40BF-824D-3B069C7B2DAB}.Debug|Any CPU.Build.0 = Debug|Any CPU
		{252ED46D-FD90-40BF-824D-3B069C7B2DAB}.Release|Any CPU.ActiveCfg = Release|Any CPU
		{252ED46D-FD90-40BF-824D-3B069C7B2DAB}.Release|Any CPU.Build.0 = Release|Any CPU
	EndGlobalSection
	GlobalSection(SolutionProperties) = preSolution
		HideSolutionNode = FALSE
	EndGlobalSection
	GlobalSection(ExtensibilityGlobals) = postSolution
		SolutionGuid = {7286A5C1-4876-4D96-AE5D-B1E8E56AAE6A}
	EndGlobalSection
EndGlobal
